// !$*UTF8*$!
{
	archiveVersion = 1;
	classes = {
	};
	objectVersion = 50;
	objects = {

/* Begin PBXBuildFile section */
		023D5A962324BFA200CB731A /* InitializePublicZoneOneTimeCode.swift in Sources */ = {isa = PBXBuildFile; fileRef = 023D5A952324BFA200CB731A /* InitializePublicZoneOneTimeCode.swift */; };
		023D7BC722F2AA0C00825524 /* Model.swift in Sources */ = {isa = PBXBuildFile; fileRef = 023D7BC622F2AA0C00825524 /* Model.swift */; };
		023EE69822D3175C0035592B /* AppDelegate.swift in Sources */ = {isa = PBXBuildFile; fileRef = 023EE69722D3175C0035592B /* AppDelegate.swift */; };
		023EE69A22D3175C0035592B /* MainController.swift in Sources */ = {isa = PBXBuildFile; fileRef = 023EE69922D3175C0035592B /* MainController.swift */; };
		023EE69D22D3175C0035592B /* Main.storyboard in Resources */ = {isa = PBXBuildFile; fileRef = 023EE69B22D3175C0035592B /* Main.storyboard */; };
		023EE69F22D317600035592B /* Assets.xcassets in Resources */ = {isa = PBXBuildFile; fileRef = 023EE69E22D317600035592B /* Assets.xcassets */; };
		023EE6A222D317600035592B /* LaunchScreen.storyboard in Resources */ = {isa = PBXBuildFile; fileRef = 023EE6A022D317600035592B /* LaunchScreen.storyboard */; };
		026C579D22D5A78D00BF0E36 /* CloudKit.framework in Frameworks */ = {isa = PBXBuildFile; fileRef = 026C579C22D5A78D00BF0E36 /* CloudKit.framework */; };
		0283EF79232732E000423A1E /* Util.swift in Sources */ = {isa = PBXBuildFile; fileRef = 0283EF78232732E000423A1E /* Util.swift */; };
		02863FDD22D7059400F55059 /* words_mini.json in Resources */ = {isa = PBXBuildFile; fileRef = 02863FDC22D7059300F55059 /* words_mini.json */; };
		02863FDF22D8594000F55059 /* words.json in Resources */ = {isa = PBXBuildFile; fileRef = 02863FDE22D8594000F55059 /* words.json */; };
		05FFFECD2341CD1800E0E788 /* WordListViewController.swift in Sources */ = {isa = PBXBuildFile; fileRef = 05FFFECC2341CD1800E0E788 /* WordListViewController.swift */; };
/* End PBXBuildFile section */

/* Begin PBXFileReference section */
		023D5A952324BFA200CB731A /* InitializePublicZoneOneTimeCode.swift */ = {isa = PBXFileReference; lastKnownFileType = sourcecode.swift; path = InitializePublicZoneOneTimeCode.swift; sourceTree = "<group>"; };
		023D7BC622F2AA0C00825524 /* Model.swift */ = {isa = PBXFileReference; lastKnownFileType = sourcecode.swift; path = Model.swift; sourceTree = "<group>"; };
		023EE69422D3175C0035592B /* TingDong.app */ = {isa = PBXFileReference; explicitFileType = wrapper.application; includeInIndex = 0; path = TingDong.app; sourceTree = BUILT_PRODUCTS_DIR; };
		023EE69722D3175C0035592B /* AppDelegate.swift */ = {isa = PBXFileReference; lastKnownFileType = sourcecode.swift; path = AppDelegate.swift; sourceTree = "<group>"; };
		023EE69922D3175C0035592B /* MainController.swift */ = {isa = PBXFileReference; lastKnownFileType = sourcecode.swift; path = MainController.swift; sourceTree = "<group>"; };
		023EE69C22D3175C0035592B /* Base */ = {isa = PBXFileReference; lastKnownFileType = file.storyboard; name = Base; path = Base.lproj/Main.storyboard; sourceTree = "<group>"; };
		023EE69E22D317600035592B /* Assets.xcassets */ = {isa = PBXFileReference; lastKnownFileType = folder.assetcatalog; path = Assets.xcassets; sourceTree = "<group>"; };
		023EE6A122D317600035592B /* Base */ = {isa = PBXFileReference; lastKnownFileType = file.storyboard; name = Base; path = Base.lproj/LaunchScreen.storyboard; sourceTree = "<group>"; };
		023EE6A322D317600035592B /* Info.plist */ = {isa = PBXFileReference; lastKnownFileType = text.plist.xml; path = Info.plist; sourceTree = "<group>"; };
		026C579A22D5A78500BF0E36 /* TingDong.entitlements */ = {isa = PBXFileReference; lastKnownFileType = text.plist.entitlements; path = TingDong.entitlements; sourceTree = "<group>"; };
		026C579C22D5A78D00BF0E36 /* CloudKit.framework */ = {isa = PBXFileReference; lastKnownFileType = wrapper.framework; name = CloudKit.framework; path = System/Library/Frameworks/CloudKit.framework; sourceTree = SDKROOT; };
		0283EF78232732E000423A1E /* Util.swift */ = {isa = PBXFileReference; lastKnownFileType = sourcecode.swift; path = Util.swift; sourceTree = "<group>"; };
		02863FDC22D7059300F55059 /* words_mini.json */ = {isa = PBXFileReference; fileEncoding = 4; lastKnownFileType = text.json; path = words_mini.json; sourceTree = "<group>"; };
		02863FDE22D8594000F55059 /* words.json */ = {isa = PBXFileReference; fileEncoding = 4; lastKnownFileType = text.json; path = words.json; sourceTree = "<group>"; };
		05FFFECC2341CD1800E0E788 /* WordListViewController.swift */ = {isa = PBXFileReference; lastKnownFileType = sourcecode.swift; path = WordListViewController.swift; sourceTree = "<group>"; };
/* End PBXFileReference section */

/* Begin PBXFrameworksBuildPhase section */
		023EE69122D3175C0035592B /* Frameworks */ = {
			isa = PBXFrameworksBuildPhase;
			buildActionMask = 2147483647;
			files = (
				026C579D22D5A78D00BF0E36 /* CloudKit.framework in Frameworks */,
			);
			runOnlyForDeploymentPostprocessing = 0;
		};
/* End PBXFrameworksBuildPhase section */

/* Begin PBXGroup section */
		023EE68B22D3175C0035592B = {
			isa = PBXGroup;
			children = (
				023EE69622D3175C0035592B /* TingDong */,
				023EE69522D3175C0035592B /* Products */,
				026C579B22D5A78D00BF0E36 /* Frameworks */,
			);
			sourceTree = "<group>";
		};
		023EE69522D3175C0035592B /* Products */ = {
			isa = PBXGroup;
			children = (
				023EE69422D3175C0035592B /* TingDong.app */,
			);
			name = Products;
			sourceTree = "<group>";
		};
		023EE69622D3175C0035592B /* TingDong */ = {
			isa = PBXGroup;
			children = (
				026C579A22D5A78500BF0E36 /* TingDong.entitlements */,
				023EE69722D3175C0035592B /* AppDelegate.swift */,
				023EE69922D3175C0035592B /* MainController.swift */,
				05FFFECC2341CD1800E0E788 /* WordListViewController.swift */,
				023EE69B22D3175C0035592B /* Main.storyboard */,
				023EE69E22D317600035592B /* Assets.xcassets */,
				023EE6A022D317600035592B /* LaunchScreen.storyboard */,
				023EE6A322D317600035592B /* Info.plist */,
				02863FDE22D8594000F55059 /* words.json */,
				02863FDC22D7059300F55059 /* words_mini.json */,
				023D7BC622F2AA0C00825524 /* Model.swift */,
				023D5A952324BFA200CB731A /* InitializePublicZoneOneTimeCode.swift */,
				0283EF78232732E000423A1E /* Util.swift */,
			);
			path = TingDong;
			sourceTree = "<group>";
		};
		026C579B22D5A78D00BF0E36 /* Frameworks */ = {
			isa = PBXGroup;
			children = (
				026C579C22D5A78D00BF0E36 /* CloudKit.framework */,
			);
			name = Frameworks;
			sourceTree = "<group>";
		};
/* End PBXGroup section */

/* Begin PBXNativeTarget section */
		023EE69322D3175C0035592B /* TingDong */ = {
			isa = PBXNativeTarget;
			buildConfigurationList = 023EE6A622D317600035592B /* Build configuration list for PBXNativeTarget "TingDong" */;
			buildPhases = (
				023EE69022D3175C0035592B /* Sources */,
				023EE69122D3175C0035592B /* Frameworks */,
				023EE69222D3175C0035592B /* Resources */,
			);
			buildRules = (
			);
			dependencies = (
			);
			name = TingDong;
			productName = TingDong;
			productReference = 023EE69422D3175C0035592B /* TingDong.app */;
			productType = "com.apple.product-type.application";
		};
/* End PBXNativeTarget section */

/* Begin PBXProject section */
		023EE68C22D3175C0035592B /* Project object */ = {
			isa = PBXProject;
			attributes = {
				LastSwiftUpdateCheck = 1020;
				LastUpgradeCheck = 1020;
				ORGANIZATIONNAME = Talkan;
				TargetAttributes = {
					023EE69322D3175C0035592B = {
						CreatedOnToolsVersion = 10.2.1;
						SystemCapabilities = {
							com.apple.Push = {
								enabled = 1;
							};
							com.apple.iCloud = {
								enabled = 1;
							};
						};
					};
				};
			};
			buildConfigurationList = 023EE68F22D3175C0035592B /* Build configuration list for PBXProject "TingDong" */;
			compatibilityVersion = "Xcode 9.3";
			developmentRegion = en;
			hasScannedForEncodings = 0;
			knownRegions = (
				en,
				Base,
			);
			mainGroup = 023EE68B22D3175C0035592B;
			productRefGroup = 023EE69522D3175C0035592B /* Products */;
			projectDirPath = "";
			projectRoot = "";
			targets = (
				023EE69322D3175C0035592B /* TingDong */,
			);
		};
/* End PBXProject section */

/* Begin PBXResourcesBuildPhase section */
		023EE69222D3175C0035592B /* Resources */ = {
			isa = PBXResourcesBuildPhase;
			buildActionMask = 2147483647;
			files = (
				023EE6A222D317600035592B /* LaunchScreen.storyboard in Resources */,
				023EE69F22D317600035592B /* Assets.xcassets in Resources */,
				02863FDD22D7059400F55059 /* words_mini.json in Resources */,
				023EE69D22D3175C0035592B /* Main.storyboard in Resources */,
				02863FDF22D8594000F55059 /* words.json in Resources */,
			);
			runOnlyForDeploymentPostprocessing = 0;
		};
/* End PBXResourcesBuildPhase section */

/* Begin PBXSourcesBuildPhase section */
		023EE69022D3175C0035592B /* Sources */ = {
			isa = PBXSourcesBuildPhase;
			buildActionMask = 2147483647;
			files = (
				0283EF79232732E000423A1E /* Util.swift in Sources */,
				023D7BC722F2AA0C00825524 /* Model.swift in Sources */,
				05FFFECD2341CD1800E0E788 /* WordListViewController.swift in Sources */,
				023D5A962324BFA200CB731A /* InitializePublicZoneOneTimeCode.swift in Sources */,
				023EE69A22D3175C0035592B /* MainController.swift in Sources */,
				023EE69822D3175C0035592B /* AppDelegate.swift in Sources */,
			);
			runOnlyForDeploymentPostprocessing = 0;
		};
/* End PBXSourcesBuildPhase section */

/* Begin PBXVariantGroup section */
		023EE69B22D3175C0035592B /* Main.storyboard */ = {
			isa = PBXVariantGroup;
			children = (
				023EE69C22D3175C0035592B /* Base */,
			);
			name = Main.storyboard;
			sourceTree = "<group>";
		};
		023EE6A022D317600035592B /* LaunchScreen.storyboard */ = {
			isa = PBXVariantGroup;
			children = (
				023EE6A122D317600035592B /* Base */,
			);
			name = LaunchScreen.storyboard;
			sourceTree = "<group>";
		};
/* End PBXVariantGroup section */

/* Begin XCBuildConfiguration section */
		023EE6A422D317600035592B /* Debug */ = {
			isa = XCBuildConfiguration;
			buildSettings = {
				ALWAYS_SEARCH_USER_PATHS = NO;
				CLANG_ANALYZER_NONNULL = YES;
				CLANG_ANALYZER_NUMBER_OBJECT_CONVERSION = YES_AGGRESSIVE;
				CLANG_CXX_LANGUAGE_STANDARD = "gnu++14";
				CLANG_CXX_LIBRARY = "libc++";
				CLANG_ENABLE_MODULES = YES;
				CLANG_ENABLE_OBJC_ARC = YES;
				CLANG_ENABLE_OBJC_WEAK = YES;
				CLANG_WARN_BLOCK_CAPTURE_AUTORELEASING = YES;
				CLANG_WARN_BOOL_CONVERSION = YES;
				CLANG_WARN_COMMA = YES;
				CLANG_WARN_CONSTANT_CONVERSION = YES;
				CLANG_WARN_DEPRECATED_OBJC_IMPLEMENTATIONS = YES;
				CLANG_WARN_DIRECT_OBJC_ISA_USAGE = YES_ERROR;
				CLANG_WARN_DOCUMENTATION_COMMENTS = YES;
				CLANG_WARN_EMPTY_BODY = YES;
				CLANG_WARN_ENUM_CONVERSION = YES;
				CLANG_WARN_INFINITE_RECURSION = YES;
				CLANG_WARN_INT_CONVERSION = YES;
				CLANG_WARN_NON_LITERAL_NULL_CONVERSION = YES;
				CLANG_WARN_OBJC_IMPLICIT_RETAIN_SELF = YES;
				CLANG_WARN_OBJC_LITERAL_CONVERSION = YES;
				CLANG_WARN_OBJC_ROOT_CLASS = YES_ERROR;
				CLANG_WARN_RANGE_LOOP_ANALYSIS = YES;
				CLANG_WARN_STRICT_PROTOTYPES = YES;
				CLANG_WARN_SUSPICIOUS_MOVE = YES;
				CLANG_WARN_UNGUARDED_AVAILABILITY = YES_AGGRESSIVE;
				CLANG_WARN_UNREACHABLE_CODE = YES;
				CLANG_WARN__DUPLICATE_METHOD_MATCH = YES;
				CODE_SIGN_IDENTITY = "iPhone Developer";
				COPY_PHASE_STRIP = NO;
				DEBUG_INFORMATION_FORMAT = dwarf;
				ENABLE_STRICT_OBJC_MSGSEND = YES;
				ENABLE_TESTABILITY = YES;
				GCC_C_LANGUAGE_STANDARD = gnu11;
				GCC_DYNAMIC_NO_PIC = NO;
				GCC_NO_COMMON_BLOCKS = YES;
				GCC_OPTIMIZATION_LEVEL = 0;
				GCC_PREPROCESSOR_DEFINITIONS = (
					"DEBUG=1",
					"$(inherited)",
				);
				GCC_WARN_64_TO_32_BIT_CONVERSION = YES;
				GCC_WARN_ABOUT_RETURN_TYPE = YES_ERROR;
				GCC_WARN_UNDECLARED_SELECTOR = YES;
				GCC_WARN_UNINITIALIZED_AUTOS = YES_AGGRESSIVE;
				GCC_WARN_UNUSED_FUNCTION = YES;
				GCC_WARN_UNUSED_VARIABLE = YES;
				IPHONEOS_DEPLOYMENT_TARGET = 12.2;
				MTL_ENABLE_DEBUG_INFO = INCLUDE_SOURCE;
				MTL_FAST_MATH = YES;
				ONLY_ACTIVE_ARCH = YES;
				SDKROOT = iphoneos;
				SWIFT_ACTIVE_COMPILATION_CONDITIONS = DEBUG;
				SWIFT_OPTIMIZATION_LEVEL = "-Onone";
			};
			name = Debug;
		};
		023EE6A522D317600035592B /* Release */ = {
			isa = XCBuildConfiguration;
			buildSettings = {
				ALWAYS_SEARCH_USER_PATHS = NO;
				CLANG_ANALYZER_NONNULL = YES;
				CLANG_ANALYZER_NUMBER_OBJECT_CONVERSION = YES_AGGRESSIVE;
				CLANG_CXX_LANGUAGE_STANDARD = "gnu++14";
				CLANG_CXX_LIBRARY = "libc++";
				CLANG_ENABLE_MODULES = YES;
				CLANG_ENABLE_OBJC_ARC = YES;
				CLANG_ENABLE_OBJC_WEAK = YES;
				CLANG_WARN_BLOCK_CAPTURE_AUTORELEASING = YES;
				CLANG_WARN_BOOL_CONVERSION = YES;
				CLANG_WARN_COMMA = YES;
				CLANG_WARN_CONSTANT_CONVERSION = YES;
				CLANG_WARN_DEPRECATED_OBJC_IMPLEMENTATIONS = YES;
				CLANG_WARN_DIRECT_OBJC_ISA_USAGE = YES_ERROR;
				CLANG_WARN_DOCUMENTATION_COMMENTS = YES;
				CLANG_WARN_EMPTY_BODY = YES;
				CLANG_WARN_ENUM_CONVERSION = YES;
				CLANG_WARN_INFINITE_RECURSION = YES;
				CLANG_WARN_INT_CONVERSION = YES;
				CLANG_WARN_NON_LITERAL_NULL_CONVERSION = YES;
				CLANG_WARN_OBJC_IMPLICIT_RETAIN_SELF = YES;
				CLANG_WARN_OBJC_LITERAL_CONVERSION = YES;
				CLANG_WARN_OBJC_ROOT_CLASS = YES_ERROR;
				CLANG_WARN_RANGE_LOOP_ANALYSIS = YES;
				CLANG_WARN_STRICT_PROTOTYPES = YES;
				CLANG_WARN_SUSPICIOUS_MOVE = YES;
				CLANG_WARN_UNGUARDED_AVAILABILITY = YES_AGGRESSIVE;
				CLANG_WARN_UNREACHABLE_CODE = YES;
				CLANG_WARN__DUPLICATE_METHOD_MATCH = YES;
				CODE_SIGN_IDENTITY = "iPhone Developer";
				COPY_PHASE_STRIP = NO;
				DEBUG_INFORMATION_FORMAT = "dwarf-with-dsym";
				ENABLE_NS_ASSERTIONS = NO;
				ENABLE_STRICT_OBJC_MSGSEND = YES;
				GCC_C_LANGUAGE_STANDARD = gnu11;
				GCC_NO_COMMON_BLOCKS = YES;
				GCC_WARN_64_TO_32_BIT_CONVERSION = YES;
				GCC_WARN_ABOUT_RETURN_TYPE = YES_ERROR;
				GCC_WARN_UNDECLARED_SELECTOR = YES;
				GCC_WARN_UNINITIALIZED_AUTOS = YES_AGGRESSIVE;
				GCC_WARN_UNUSED_FUNCTION = YES;
				GCC_WARN_UNUSED_VARIABLE = YES;
				IPHONEOS_DEPLOYMENT_TARGET = 12.2;
				MTL_ENABLE_DEBUG_INFO = NO;
				MTL_FAST_MATH = YES;
				SDKROOT = iphoneos;
				SWIFT_COMPILATION_MODE = wholemodule;
				SWIFT_OPTIMIZATION_LEVEL = "-O";
				VALIDATE_PRODUCT = YES;
			};
			name = Release;
		};
		023EE6A722D317600035592B /* Debug */ = {
			isa = XCBuildConfiguration;
			buildSettings = {
				ASSETCATALOG_COMPILER_APPICON_NAME = AppIcon;
				CODE_SIGN_ENTITLEMENTS = TingDong/TingDong.entitlements;
				CODE_SIGN_STYLE = Automatic;
				CURRENT_PROJECT_VERSION = 2;
				DEVELOPMENT_TEAM = SU48UGSAPP;
				INFOPLIST_FILE = TingDong/Info.plist;
				LD_RUNPATH_SEARCH_PATHS = (
					"$(inherited)",
					"@executable_path/Frameworks",
				);
				PRODUCT_BUNDLE_IDENTIFIER = com.talkan.TingDong;
				PRODUCT_NAME = "$(TARGET_NAME)";
				SWIFT_VERSION = 5.0;
				TARGETED_DEVICE_FAMILY = "1,2";
			};
			name = Debug;
		};
		023EE6A822D317600035592B /* Release */ = {
			isa = XCBuildConfiguration;
			buildSettings = {
				ASSETCATALOG_COMPILER_APPICON_NAME = AppIcon;
				CODE_SIGN_ENTITLEMENTS = TingDong/TingDong.entitlements;
				CODE_SIGN_STYLE = Automatic;
				CURRENT_PROJECT_VERSION = 2;
				DEVELOPMENT_TEAM = SU48UGSAPP;
				INFOPLIST_FILE = TingDong/Info.plist;
				LD_RUNPATH_SEARCH_PATHS = (
					"$(inherited)",
					"@executable_path/Frameworks",
				);
				PRODUCT_BUNDLE_IDENTIFIER = com.talkan.TingDong;
				PRODUCT_NAME = "$(TARGET_NAME)";
				SWIFT_VERSION = 5.0;
				TARGETED_DEVICE_FAMILY = "1,2";
			};
			name = Release;
		};
/* End XCBuildConfiguration section */

/* Begin XCConfigurationList section */
		023EE68F22D3175C0035592B /* Build configuration list for PBXProject "TingDong" */ = {
			isa = XCConfigurationList;
			buildConfigurations = (
				023EE6A422D317600035592B /* Debug */,
				023EE6A522D317600035592B /* Release */,
			);
			defaultConfigurationIsVisible = 0;
			defaultConfigurationName = Release;
		};
		023EE6A622D317600035592B /* Build configuration list for PBXNativeTarget "TingDong" */ = {
			isa = XCConfigurationList;
			buildConfigurations = (
				023EE6A722D317600035592B /* Debug */,
				023EE6A822D317600035592B /* Release */,
			);
			defaultConfigurationIsVisible = 0;
			defaultConfigurationName = Release;
		};
/* End XCConfigurationList section */
	};
	rootObject = 023EE68C22D3175C0035592B /* Project object */;
}
